{
  "requires": true,
  "lockfileVersion": 1,
  "dependencies": {
    "satellite.js": {
      "version": "3.0.1",
      "resolved": "https://registry.npmjs.org/satellite.js/-/satellite.js-3.0.1.tgz",
      "integrity": "sha512-6oXEOHM3thTZvYh5OzEtXDuJGC9bBLVGVXA0KO1iuF1vlQP7TXHbxFalyVsHOfBWsZY6pfjjCiIAMnFG0sbmEA=="
    }
  }
}
